# THIS IS AN AUTOGENERATED FILE. DO NOT EDIT THIS FILE DIRECTLY.
# yarn lockfile v1


"@enterprise-cmcs/serverless-waf-plugin@^1.3.1":
  version "1.3.2"
  resolved "https://registry.yarnpkg.com/@enterprise-cmcs/serverless-waf-plugin/-/serverless-waf-plugin-1.3.2.tgz#66efd0b91326b7d1b045ab7ea7ba5826ed2e635d"
  integrity sha512-577MWRddWK2uPEaeUMorOFQq6rhUhGwbdmz+tuKaU9+v77/bDQPqoc6cmhF2oYMswqpxvMgW0P07HAAcmKtquw==

serverless-s3-bucket-helper@Enterprise-CMCS/serverless-s3-bucket-helper#0.1.1:
  version "1.0.0"
  resolved "https://codeload.github.com/Enterprise-CMCS/serverless-s3-bucket-helper/tar.gz/f0f6d6a1ffe54e292f0afc93777764bce16a4037"
