# THIS IS AN AUTOGENERATED FILE. DO NOT EDIT THIS FILE DIRECTLY.
# yarn lockfile v1


serverless-s3-bucket-helper@Enterprise-CMCS/serverless-s3-bucket-helper#0.1.1:
  version "1.0.0"
  resolved "https://codeload.github.com/Enterprise-CMCS/serverless-s3-bucket-helper/tar.gz/f0f6d6a1ffe54e292f0afc93777764bce16a4037"
