{
  "name": "cypress-tests",
  "version": "1.0.0",
  "lockfileVersion": 1,
  "requires": true,
  "dependencies": {
    "cypress-xpath": {
      "version": "1.6.2",
      "resolved": "https://registry.npmjs.org/cypress-xpath/-/cypress-xpath-1.6.2.tgz",
      "integrity": "sha512-mtwJPl840GQPGtb480fKR5vDIcijBHhAVwby5/AIPIT/UVT7UJhM2L42/R+venR7N01I0PoOJErb6UiMbCyUxg==",
      "dev": true
    }
  }
}
